// !$*UTF8*$!
{
	archiveVersion = 1;
	classes = {
	};
	objectVersion = 46;
	objects = {

/* Begin PBXBuildFile section */
		5E33670A1DB620B4001E2145 /* contactsData.swift in Sources */ = {isa = PBXBuildFile; fileRef = 5E3367091DB620B4001E2145 /* contactsData.swift */; };
		5E33670C1DB620D2001E2145 /* currentLocation.swift in Sources */ = {isa = PBXBuildFile; fileRef = 5E33670B1DB620D2001E2145 /* currentLocation.swift */; };
		5E33670E1DB620DF001E2145 /* currentWeather.swift in Sources */ = {isa = PBXBuildFile; fileRef = 5E33670D1DB620DF001E2145 /* currentWeather.swift */; };
		5E3367101DB620F2001E2145 /* forcastData.swift in Sources */ = {isa = PBXBuildFile; fileRef = 5E33670F1DB620F2001E2145 /* forcastData.swift */; };
		5EC1D6591DAE46B900A5EB52 /* sideMenu.swift in Sources */ = {isa = PBXBuildFile; fileRef = 5EC1D6581DAE46B900A5EB52 /* sideMenu.swift */; };
		5EC1D65B1DAE54E300A5EB52 /* homeViewController.swift in Sources */ = {isa = PBXBuildFile; fileRef = 5EC1D65A1DAE54E300A5EB52 /* homeViewController.swift */; };
		5EFCF26F1DADFB2700207D31 /* AppDelegate.swift in Sources */ = {isa = PBXBuildFile; fileRef = 5EFCF26E1DADFB2700207D31 /* AppDelegate.swift */; };
		5EFCF2711DADFB2700207D31 /* ViewController.swift in Sources */ = {isa = PBXBuildFile; fileRef = 5EFCF2701DADFB2700207D31 /* ViewController.swift */; };
		5EFCF2741DADFB2700207D31 /* Main.storyboard in Resources */ = {isa = PBXBuildFile; fileRef = 5EFCF2721DADFB2700207D31 /* Main.storyboard */; };
		5EFCF2761DADFB2700207D31 /* Assets.xcassets in Resources */ = {isa = PBXBuildFile; fileRef = 5EFCF2751DADFB2700207D31 /* Assets.xcassets */; };
		5EFCF2791DADFB2700207D31 /* LaunchScreen.storyboard in Resources */ = {isa = PBXBuildFile; fileRef = 5EFCF2771DADFB2700207D31 /* LaunchScreen.storyboard */; };
		5EFCF2841DADFB2700207D31 /* WHWeatherTests.swift in Sources */ = {isa = PBXBuildFile; fileRef = 5EFCF2831DADFB2700207D31 /* WHWeatherTests.swift */; };
		5EFCF28F1DADFB2700207D31 /* WHWeatherUITests.swift in Sources */ = {isa = PBXBuildFile; fileRef = 5EFCF28E1DADFB2700207D31 /* WHWeatherUITests.swift */; };
/* End PBXBuildFile section */

/* Begin PBXContainerItemProxy section */
		5EFCF2801DADFB2700207D31 /* PBXContainerItemProxy */ = {
			isa = PBXContainerItemProxy;
			containerPortal = 5EFCF2631DADFB2700207D31 /* Project object */;
			proxyType = 1;
			remoteGlobalIDString = 5EFCF26A1DADFB2700207D31;
			remoteInfo = WHWeather;
		};
		5EFCF28B1DADFB2700207D31 /* PBXContainerItemProxy */ = {
			isa = PBXContainerItemProxy;
			containerPortal = 5EFCF2631DADFB2700207D31 /* Project object */;
			proxyType = 1;
			remoteGlobalIDString = 5EFCF26A1DADFB2700207D31;
			remoteInfo = WHWeather;
		};
/* End PBXContainerItemProxy section */

/* Begin PBXFileReference section */
		5E3367091DB620B4001E2145 /* contactsData.swift */ = {isa = PBXFileReference; fileEncoding = 4; lastKnownFileType = sourcecode.swift; path = contactsData.swift; sourceTree = "<group>"; };
		5E33670B1DB620D2001E2145 /* currentLocation.swift */ = {isa = PBXFileReference; fileEncoding = 4; lastKnownFileType = sourcecode.swift; path = currentLocation.swift; sourceTree = "<group>"; };
		5E33670D1DB620DF001E2145 /* currentWeather.swift */ = {isa = PBXFileReference; fileEncoding = 4; lastKnownFileType = sourcecode.swift; path = currentWeather.swift; sourceTree = "<group>"; };
		5E33670F1DB620F2001E2145 /* forcastData.swift */ = {isa = PBXFileReference; fileEncoding = 4; lastKnownFileType = sourcecode.swift; path = forcastData.swift; sourceTree = "<group>"; };
		5EC1D6581DAE46B900A5EB52 /* sideMenu.swift */ = {isa = PBXFileReference; fileEncoding = 4; lastKnownFileType = sourcecode.swift; path = sideMenu.swift; sourceTree = "<group>"; };
		5EC1D65A1DAE54E300A5EB52 /* homeViewController.swift */ = {isa = PBXFileReference; fileEncoding = 4; lastKnownFileType = sourcecode.swift; path = homeViewController.swift; sourceTree = "<group>"; };
		5EFCF26B1DADFB2700207D31 /* WHWeather.app */ = {isa = PBXFileReference; explicitFileType = wrapper.application; includeInIndex = 0; path = WHWeather.app; sourceTree = BUILT_PRODUCTS_DIR; };
		5EFCF26E1DADFB2700207D31 /* AppDelegate.swift */ = {isa = PBXFileReference; lastKnownFileType = sourcecode.swift; path = AppDelegate.swift; sourceTree = "<group>"; };
		5EFCF2701DADFB2700207D31 /* ViewController.swift */ = {isa = PBXFileReference; lastKnownFileType = sourcecode.swift; path = ViewController.swift; sourceTree = "<group>"; };
		5EFCF2731DADFB2700207D31 /* Base */ = {isa = PBXFileReference; lastKnownFileType = file.storyboard; name = Base; path = Base.lproj/Main.storyboard; sourceTree = "<group>"; };
		5EFCF2751DADFB2700207D31 /* Assets.xcassets */ = {isa = PBXFileReference; lastKnownFileType = folder.assetcatalog; path = Assets.xcassets; sourceTree = "<group>"; };
		5EFCF2781DADFB2700207D31 /* Base */ = {isa = PBXFileReference; lastKnownFileType = file.storyboard; name = Base; path = Base.lproj/LaunchScreen.storyboard; sourceTree = "<group>"; };
		5EFCF27A1DADFB2700207D31 /* Info.plist */ = {isa = PBXFileReference; lastKnownFileType = text.plist.xml; path = Info.plist; sourceTree = "<group>"; };
		5EFCF27F1DADFB2700207D31 /* WHWeatherTests.xctest */ = {isa = PBXFileReference; explicitFileType = wrapper.cfbundle; includeInIndex = 0; path = WHWeatherTests.xctest; sourceTree = BUILT_PRODUCTS_DIR; };
		5EFCF2831DADFB2700207D31 /* WHWeatherTests.swift */ = {isa = PBXFileReference; lastKnownFileType = sourcecode.swift; path = WHWeatherTests.swift; sourceTree = "<group>"; };
		5EFCF2851DADFB2700207D31 /* Info.plist */ = {isa = PBXFileReference; lastKnownFileType = text.plist.xml; path = Info.plist; sourceTree = "<group>"; };
		5EFCF28A1DADFB2700207D31 /* WHWeatherUITests.xctest */ = {isa = PBXFileReference; explicitFileType = wrapper.cfbundle; includeInIndex = 0; path = WHWeatherUITests.xctest; sourceTree = BUILT_PRODUCTS_DIR; };
		5EFCF28E1DADFB2700207D31 /* WHWeatherUITests.swift */ = {isa = PBXFileReference; lastKnownFileType = sourcecode.swift; path = WHWeatherUITests.swift; sourceTree = "<group>"; };
		5EFCF2901DADFB2700207D31 /* Info.plist */ = {isa = PBXFileReference; lastKnownFileType = text.plist.xml; path = Info.plist; sourceTree = "<group>"; };
/* End PBXFileReference section */

/* Begin PBXFrameworksBuildPhase section */
		5EFCF2681DADFB2700207D31 /* Frameworks */ = {
			isa = PBXFrameworksBuildPhase;
			buildActionMask = 2147483647;
			files = (
			);
			runOnlyForDeploymentPostprocessing = 0;
		};
		5EFCF27C1DADFB2700207D31 /* Frameworks */ = {
			isa = PBXFrameworksBuildPhase;
			buildActionMask = 2147483647;
			files = (
			);
			runOnlyForDeploymentPostprocessing = 0;
		};
		5EFCF2871DADFB2700207D31 /* Frameworks */ = {
			isa = PBXFrameworksBuildPhase;
			buildActionMask = 2147483647;
			files = (
			);
			runOnlyForDeploymentPostprocessing = 0;
		};
/* End PBXFrameworksBuildPhase section */

/* Begin PBXGroup section */
		5EFCF2621DADFB2700207D31 = {
			isa = PBXGroup;
			children = (
				5EFCF26D1DADFB2700207D31 /* WHWeather */,
				5EFCF2821DADFB2700207D31 /* WHWeatherTests */,
				5EFCF28D1DADFB2700207D31 /* WHWeatherUITests */,
				5EFCF26C1DADFB2700207D31 /* Products */,
			);
			sourceTree = "<group>";
		};
		5EFCF26C1DADFB2700207D31 /* Products */ = {
			isa = PBXGroup;
			children = (
				5EFCF26B1DADFB2700207D31 /* WHWeather.app */,
				5EFCF27F1DADFB2700207D31 /* WHWeatherTests.xctest */,
				5EFCF28A1DADFB2700207D31 /* WHWeatherUITests.xctest */,
			);
			name = Products;
			sourceTree = "<group>";
		};
		5EFCF26D1DADFB2700207D31 /* WHWeather */ = {
			isa = PBXGroup;
			children = (
				5EFCF26E1DADFB2700207D31 /* AppDelegate.swift */,
				5EC1D6581DAE46B900A5EB52 /* sideMenu.swift */,
				5EC1D65A1DAE54E300A5EB52 /* homeViewController.swift */,
				5EFCF2701DADFB2700207D31 /* ViewController.swift */,
				5E3367091DB620B4001E2145 /* contactsData.swift */,
				5E33670B1DB620D2001E2145 /* currentLocation.swift */,
				5E33670D1DB620DF001E2145 /* currentWeather.swift */,
				5E33670F1DB620F2001E2145 /* forcastData.swift */,
				5EFCF2721DADFB2700207D31 /* Main.storyboard */,
				5EFCF2751DADFB2700207D31 /* Assets.xcassets */,
				5EFCF2771DADFB2700207D31 /* LaunchScreen.storyboard */,
				5EFCF27A1DADFB2700207D31 /* Info.plist */,
			);
			path = WHWeather;
			sourceTree = "<group>";
		};
		5EFCF2821DADFB2700207D31 /* WHWeatherTests */ = {
			isa = PBXGroup;
			children = (
				5EFCF2831DADFB2700207D31 /* WHWeatherTests.swift */,
				5EFCF2851DADFB2700207D31 /* Info.plist */,
			);
			path = WHWeatherTests;
			sourceTree = "<group>";
		};
		5EFCF28D1DADFB2700207D31 /* WHWeatherUITests */ = {
			isa = PBXGroup;
			children = (
				5EFCF28E1DADFB2700207D31 /* WHWeatherUITests.swift */,
				5EFCF2901DADFB2700207D31 /* Info.plist */,
			);
			path = WHWeatherUITests;
			sourceTree = "<group>";
		};
/* End PBXGroup section */

/* Begin PBXNativeTarget section */
		5EFCF26A1DADFB2700207D31 /* WHWeather */ = {
			isa = PBXNativeTarget;
			buildConfigurationList = 5EFCF2931DADFB2700207D31 /* Build configuration list for PBXNativeTarget "WHWeather" */;
			buildPhases = (
				5EFCF2671DADFB2700207D31 /* Sources */,
				5EFCF2681DADFB2700207D31 /* Frameworks */,
				5EFCF2691DADFB2700207D31 /* Resources */,
			);
			buildRules = (
			);
			dependencies = (
			);
			name = WHWeather;
			productName = WHWeather;
			productReference = 5EFCF26B1DADFB2700207D31 /* WHWeather.app */;
			productType = "com.apple.product-type.application";
		};
		5EFCF27E1DADFB2700207D31 /* WHWeatherTests */ = {
			isa = PBXNativeTarget;
			buildConfigurationList = 5EFCF2961DADFB2700207D31 /* Build configuration list for PBXNativeTarget "WHWeatherTests" */;
			buildPhases = (
				5EFCF27B1DADFB2700207D31 /* Sources */,
				5EFCF27C1DADFB2700207D31 /* Frameworks */,
				5EFCF27D1DADFB2700207D31 /* Resources */,
			);
			buildRules = (
			);
			dependencies = (
				5EFCF2811DADFB2700207D31 /* PBXTargetDependency */,
			);
			name = WHWeatherTests;
			productName = WHWeatherTests;
			productReference = 5EFCF27F1DADFB2700207D31 /* WHWeatherTests.xctest */;
			productType = "com.apple.product-type.bundle.unit-test";
		};
		5EFCF2891DADFB2700207D31 /* WHWeatherUITests */ = {
			isa = PBXNativeTarget;
			buildConfigurationList = 5EFCF2991DADFB2700207D31 /* Build configuration list for PBXNativeTarget "WHWeatherUITests" */;
			buildPhases = (
				5EFCF2861DADFB2700207D31 /* Sources */,
				5EFCF2871DADFB2700207D31 /* Frameworks */,
				5EFCF2881DADFB2700207D31 /* Resources */,
			);
			buildRules = (
			);
			dependencies = (
				5EFCF28C1DADFB2700207D31 /* PBXTargetDependency */,
			);
			name = WHWeatherUITests;
			productName = WHWeatherUITests;
			productReference = 5EFCF28A1DADFB2700207D31 /* WHWeatherUITests.xctest */;
			productType = "com.apple.product-type.bundle.ui-testing";
		};
/* End PBXNativeTarget section */

/* Begin PBXProject section */
		5EFCF2631DADFB2700207D31 /* Project object */ = {
			isa = PBXProject;
			attributes = {
				LastSwiftUpdateCheck = 0730;
				LastUpgradeCheck = 0730;
				ORGANIZATIONNAME = airshiner;
				TargetAttributes = {
					5EFCF26A1DADFB2700207D31 = {
						CreatedOnToolsVersion = 7.3.1;
						LastSwiftMigration = 0800;
					};
					5EFCF27E1DADFB2700207D31 = {
						CreatedOnToolsVersion = 7.3.1;
						LastSwiftMigration = 0800;
						TestTargetID = 5EFCF26A1DADFB2700207D31;
					};
					5EFCF2891DADFB2700207D31 = {
						CreatedOnToolsVersion = 7.3.1;
						LastSwiftMigration = 0800;
						TestTargetID = 5EFCF26A1DADFB2700207D31;
					};
				};
			};
			buildConfigurationList = 5EFCF2661DADFB2700207D31 /* Build configuration list for PBXProject "WHWeather" */;
			compatibilityVersion = "Xcode 3.2";
			developmentRegion = English;
			hasScannedForEncodings = 0;
			knownRegions = (
				en,
				Base,
			);
			mainGroup = 5EFCF2621DADFB2700207D31;
			productRefGroup = 5EFCF26C1DADFB2700207D31 /* Products */;
			projectDirPath = "";
			projectRoot = "";
			targets = (
				5EFCF26A1DADFB2700207D31 /* WHWeather */,
				5EFCF27E1DADFB2700207D31 /* WHWeatherTests */,
				5EFCF2891DADFB2700207D31 /* WHWeatherUITests */,
			);
		};
/* End PBXProject section */

/* Begin PBXResourcesBuildPhase section */
		5EFCF2691DADFB2700207D31 /* Resources */ = {
			isa = PBXResourcesBuildPhase;
			buildActionMask = 2147483647;
			files = (
				5EFCF2791DADFB2700207D31 /* LaunchScreen.storyboard in Resources */,
				5EFCF2761DADFB2700207D31 /* Assets.xcassets in Resources */,
				5EFCF2741DADFB2700207D31 /* Main.storyboard in Resources */,
			);
			runOnlyForDeploymentPostprocessing = 0;
		};
		5EFCF27D1DADFB2700207D31 /* Resources */ = {
			isa = PBXResourcesBuildPhase;
			buildActionMask = 2147483647;
			files = (
			);
			runOnlyForDeploymentPostprocessing = 0;
		};
		5EFCF2881DADFB2700207D31 /* Resources */ = {
			isa = PBXResourcesBuildPhase;
			buildActionMask = 2147483647;
			files = (
			);
			runOnlyForDeploymentPostprocessing = 0;
		};
/* End PBXResourcesBuildPhase section */

/* Begin PBXSourcesBuildPhase section */
		5EFCF2671DADFB2700207D31 /* Sources */ = {
			isa = PBXSourcesBuildPhase;
			buildActionMask = 2147483647;
			files = (
				5E3367101DB620F2001E2145 /* forcastData.swift in Sources */,
				5E33670A1DB620B4001E2145 /* contactsData.swift in Sources */,
				5EFCF2711DADFB2700207D31 /* ViewController.swift in Sources */,
				5E33670C1DB620D2001E2145 /* currentLocation.swift in Sources */,
				5EFCF26F1DADFB2700207D31 /* AppDelegate.swift in Sources */,
				5EC1D6591DAE46B900A5EB52 /* sideMenu.swift in Sources */,
				5EC1D65B1DAE54E300A5EB52 /* homeViewController.swift in Sources */,
				5E33670E1DB620DF001E2145 /* currentWeather.swift in Sources */,
			);
			runOnlyForDeploymentPostprocessing = 0;
		};
		5EFCF27B1DADFB2700207D31 /* Sources */ = {
			isa = PBXSourcesBuildPhase;
			buildActionMask = 2147483647;
			files = (
				5EFCF2841DADFB2700207D31 /* WHWeatherTests.swift in Sources */,
			);
			runOnlyForDeploymentPostprocessing = 0;
		};
		5EFCF2861DADFB2700207D31 /* Sources */ = {
			isa = PBXSourcesBuildPhase;
			buildActionMask = 2147483647;
			files = (
				5EFCF28F1DADFB2700207D31 /* WHWeatherUITests.swift in Sources */,
			);
			runOnlyForDeploymentPostprocessing = 0;
		};
/* End PBXSourcesBuildPhase section */

/* Begin PBXTargetDependency section */
		5EFCF2811DADFB2700207D31 /* PBXTargetDependency */ = {
			isa = PBXTargetDependency;
			target = 5EFCF26A1DADFB2700207D31 /* WHWeather */;
			targetProxy = 5EFCF2801DADFB2700207D31 /* PBXContainerItemProxy */;
		};
		5EFCF28C1DADFB2700207D31 /* PBXTargetDependency */ = {
			isa = PBXTargetDependency;
			target = 5EFCF26A1DADFB2700207D31 /* WHWeather */;
			targetProxy = 5EFCF28B1DADFB2700207D31 /* PBXContainerItemProxy */;
		};
/* End PBXTargetDependency section */

/* Begin PBXVariantGroup section */
		5EFCF2721DADFB2700207D31 /* Main.storyboard */ = {
			isa = PBXVariantGroup;
			children = (
				5EFCF2731DADFB2700207D31 /* Base */,
			);
			name = Main.storyboard;
			sourceTree = "<group>";
		};
		5EFCF2771DADFB2700207D31 /* LaunchScreen.storyboard */ = {
			isa = PBXVariantGroup;
			children = (
				5EFCF2781DADFB2700207D31 /* Base */,
			);
			name = LaunchScreen.storyboard;
			sourceTree = "<group>";
		};
/* End PBXVariantGroup section */

/* Begin XCBuildConfiguration section */
		5EFCF2911DADFB2700207D31 /* Debug */ = {
			isa = XCBuildConfiguration;
			buildSettings = {
				ALWAYS_SEARCH_USER_PATHS = NO;
				CLANG_ANALYZER_NONNULL = YES;
				CLANG_CXX_LANGUAGE_STANDARD = "gnu++0x";
				CLANG_CXX_LIBRARY = "libc++";
				CLANG_ENABLE_MODULES = YES;
				CLANG_ENABLE_OBJC_ARC = YES;
				CLANG_WARN_BOOL_CONVERSION = YES;
				CLANG_WARN_CONSTANT_CONVERSION = YES;
				CLANG_WARN_DIRECT_OBJC_ISA_USAGE = YES_ERROR;
				CLANG_WARN_EMPTY_BODY = YES;
				CLANG_WARN_ENUM_CONVERSION = YES;
				CLANG_WARN_INT_CONVERSION = YES;
				CLANG_WARN_OBJC_ROOT_CLASS = YES_ERROR;
				CLANG_WARN_UNREACHABLE_CODE = YES;
				CLANG_WARN__DUPLICATE_METHOD_MATCH = YES;
				"CODE_SIGN_IDENTITY[sdk=iphoneos*]" = "iPhone Developer";
				COPY_PHASE_STRIP = NO;
				DEBUG_INFORMATION_FORMAT = dwarf;
				ENABLE_STRICT_OBJC_MSGSEND = YES;
				ENABLE_TESTABILITY = YES;
				GCC_C_LANGUAGE_STANDARD = gnu99;
				GCC_DYNAMIC_NO_PIC = NO;
				GCC_NO_COMMON_BLOCKS = YES;
				GCC_OPTIMIZATION_LEVEL = 0;
				GCC_PREPROCESSOR_DEFINITIONS = (
					"DEBUG=1",
					"$(inherited)",
				);
				GCC_WARN_64_TO_32_BIT_CONVERSION = YES;
				GCC_WARN_ABOUT_RETURN_TYPE = YES_ERROR;
				GCC_WARN_UNDECLARED_SELECTOR = YES;
				GCC_WARN_UNINITIALIZED_AUTOS = YES_AGGRESSIVE;
				GCC_WARN_UNUSED_FUNCTION = YES;
				GCC_WARN_UNUSED_VARIABLE = YES;
				IPHONEOS_DEPLOYMENT_TARGET = 9.3;
				MTL_ENABLE_DEBUG_INFO = YES;
				ONLY_ACTIVE_ARCH = YES;
				SDKROOT = iphoneos;
				SWIFT_OPTIMIZATION_LEVEL = "-Onone";
			};
			name = Debug;
		};
		5EFCF2921DADFB2700207D31 /* Release */ = {
			isa = XCBuildConfiguration;
			buildSettings = {
				ALWAYS_SEARCH_USER_PATHS = NO;
				CLANG_ANALYZER_NONNULL = YES;
				CLANG_CXX_LANGUAGE_STANDARD = "gnu++0x";
				CLANG_CXX_LIBRARY = "libc++";
				CLANG_ENABLE_MODULES = YES;
				CLANG_ENABLE_OBJC_ARC = YES;
				CLANG_WARN_BOOL_CONVERSION = YES;
				CLANG_WARN_CONSTANT_CONVERSION = YES;
				CLANG_WARN_DIRECT_OBJC_ISA_USAGE = YES_ERROR;
				CLANG_WARN_EMPTY_BODY = YES;
				CLANG_WARN_ENUM_CONVERSION = YES;
				CLANG_WARN_INT_CONVERSION = YES;
				CLANG_WARN_OBJC_ROOT_CLASS = YES_ERROR;
				CLANG_WARN_UNREACHABLE_CODE = YES;
				CLANG_WARN__DUPLICATE_METHOD_MATCH = YES;
				"CODE_SIGN_IDENTITY[sdk=iphoneos*]" = "iPhone Developer";
				COPY_PHASE_STRIP = NO;
				DEBUG_INFORMATION_FORMAT = "dwarf-with-dsym";
				ENABLE_NS_ASSERTIONS = NO;
				ENABLE_STRICT_OBJC_MSGSEND = YES;
				GCC_C_LANGUAGE_STANDARD = gnu99;
				GCC_NO_COMMON_BLOCKS = YES;
				GCC_WARN_64_TO_32_BIT_CONVERSION = YES;
				GCC_WARN_ABOUT_RETURN_TYPE = YES_ERROR;
				GCC_WARN_UNDECLARED_SELECTOR = YES;
				GCC_WARN_UNINITIALIZED_AUTOS = YES_AGGRESSIVE;
				GCC_WARN_UNUSED_FUNCTION = YES;
				GCC_WARN_UNUSED_VARIABLE = YES;
				IPHONEOS_DEPLOYMENT_TARGET = 9.3;
				MTL_ENABLE_DEBUG_INFO = NO;
				SDKROOT = iphoneos;
				VALIDATE_PRODUCT = YES;
			};
			name = Release;
		};
		5EFCF2941DADFB2700207D31 /* Debug */ = {
			isa = XCBuildConfiguration;
			buildSettings = {
				ASSETCATALOG_COMPILER_APPICON_NAME = AppIcon;
				INFOPLIST_FILE = WHWeather/Info.plist;
				LD_RUNPATH_SEARCH_PATHS = "$(inherited) @executable_path/Frameworks";
				PRODUCT_BUNDLE_IDENTIFIER = ABC.WHWeather;
				PRODUCT_NAME = "$(TARGET_NAME)";
				SWIFT_VERSION = 3.0;
			};
			name = Debug;
		};
		5EFCF2951DADFB2700207D31 /* Release */ = {
			isa = XCBuildConfiguration;
			buildSettings = {
				ASSETCATALOG_COMPILER_APPICON_NAME = AppIcon;
				INFOPLIST_FILE = WHWeather/Info.plist;
				LD_RUNPATH_SEARCH_PATHS = "$(inherited) @executable_path/Frameworks";
				PRODUCT_BUNDLE_IDENTIFIER = ABC.WHWeather;
				PRODUCT_NAME = "$(TARGET_NAME)";
				SWIFT_VERSION = 3.0;
			};
			name = Release;
		};
		5EFCF2971DADFB2700207D31 /* Debug */ = {
			isa = XCBuildConfiguration;
			buildSettings = {
				BUNDLE_LOADER = "$(TEST_HOST)";
				INFOPLIST_FILE = WHWeatherTests/Info.plist;
				LD_RUNPATH_SEARCH_PATHS = "$(inherited) @executable_path/Frameworks @loader_path/Frameworks";
				PRODUCT_BUNDLE_IDENTIFIER = ABC.WHWeatherTests;
				PRODUCT_NAME = "$(TARGET_NAME)";
				SWIFT_VERSION = 3.0;
				TEST_HOST = "$(BUILT_PRODUCTS_DIR)/WHWeather.app/WHWeather";
			};
			name = Debug;
		};
		5EFCF2981DADFB2700207D31 /* Release */ = {
			isa = XCBuildConfiguration;
			buildSettings = {
				BUNDLE_LOADER = "$(TEST_HOST)";
				INFOPLIST_FILE = WHWeatherTests/Info.plist;
				LD_RUNPATH_SEARCH_PATHS = "$(inherited) @executable_path/Frameworks @loader_path/Frameworks";
				PRODUCT_BUNDLE_IDENTIFIER = ABC.WHWeatherTests;
				PRODUCT_NAME = "$(TARGET_NAME)";
				SWIFT_VERSION = 3.0;
				TEST_HOST = "$(BUILT_PRODUCTS_DIR)/WHWeather.app/WHWeather";
			};
			name = Release;
		};
		5EFCF29A1DADFB2700207D31 /* Debug */ = {
			isa = XCBuildConfiguration;
			buildSettings = {
				INFOPLIST_FILE = WHWeatherUITests/Info.plist;
				LD_RUNPATH_SEARCH_PATHS = "$(inherited) @executable_path/Frameworks @loader_path/Frameworks";
				PRODUCT_BUNDLE_IDENTIFIER = ABC.WHWeatherUITests;
				PRODUCT_NAME = "$(TARGET_NAME)";
				SWIFT_VERSION = 3.0;
				TEST_TARGET_NAME = WHWeather;
			};
			name = Debug;
		};
		5EFCF29B1DADFB2700207D31 /* Release */ = {
			isa = XCBuildConfiguration;
			buildSettings = {
				INFOPLIST_FILE = WHWeatherUITests/Info.plist;
				LD_RUNPATH_SEARCH_PATHS = "$(inherited) @executable_path/Frameworks @loader_path/Frameworks";
				PRODUCT_BUNDLE_IDENTIFIER = ABC.WHWeatherUITests;
				PRODUCT_NAME = "$(TARGET_NAME)";
				SWIFT_VERSION = 3.0;
				TEST_TARGET_NAME = WHWeather;
			};
			name = Release;
		};
/* End XCBuildConfiguration section */

/* Begin XCConfigurationList section */
		5EFCF2661DADFB2700207D31 /* Build configuration list for PBXProject "WHWeather" */ = {
			isa = XCConfigurationList;
			buildConfigurations = (
				5EFCF2911DADFB2700207D31 /* Debug */,
				5EFCF2921DADFB2700207D31 /* Release */,
			);
			defaultConfigurationIsVisible = 0;
			defaultConfigurationName = Release;
		};
		5EFCF2931DADFB2700207D31 /* Build configuration list for PBXNativeTarget "WHWeather" */ = {
			isa = XCConfigurationList;
			buildConfigurations = (
				5EFCF2941DADFB2700207D31 /* Debug */,
				5EFCF2951DADFB2700207D31 /* Release */,
			);
			defaultConfigurationIsVisible = 0;
			defaultConfigurationName = Release;
		};
		5EFCF2961DADFB2700207D31 /* Build configuration list for PBXNativeTarget "WHWeatherTests" */ = {
			isa = XCConfigurationList;
			buildConfigurations = (
				5EFCF2971DADFB2700207D31 /* Debug */,
				5EFCF2981DADFB2700207D31 /* Release */,
			);
			defaultConfigurationIsVisible = 0;
			defaultConfigurationName = Release;
		};
		5EFCF2991DADFB2700207D31 /* Build configuration list for PBXNativeTarget "WHWeatherUITests" */ = {
			isa = XCConfigurationList;
			buildConfigurations = (
				5EFCF29A1DADFB2700207D31 /* Debug */,
				5EFCF29B1DADFB2700207D31 /* Release */,
			);
			defaultConfigurationIsVisible = 0;
			defaultConfigurationName = Release;
		};
/* End XCConfigurationList section */
	};
	rootObject = 5EFCF2631DADFB2700207D31 /* Project object */;
}
